
Microsoft Visual Studio Solution File, Format Version 12.00
# Visual Studio Version 17
VisualStudioVersion = 17.9.34728.123
MinimumVisualStudioVersion = 10.0.40219.1
Project("{FAE04EC0-301F-11D3-BF4B-00C04F79EFBC}") = "ApiRestWebCar", "ApiRestWebCar\ApiRestWebCar.csproj", "{2B68BB38-5219-481E-9BFF-C3B94E8290FC}"
EndProject
Global
	GlobalSection(SolutionConfigurationPlatforms) = preSolution
		Debug|Any CPU = Debug|Any CPU
		Release|Any CPU = Release|Any CPU
	EndGlobalSection
	GlobalSection(ProjectConfigurationPlatforms) = postSolution
		{2B68BB38-5219-481E-9BFF-C3B94E8290FC}.Debug|Any CPU.ActiveCfg = Debug|Any CPU
		{2B68BB38-5219-481E-9BFF-C3B94E8290FC}.Debug|Any CPU.Build.0 = Debug|Any CPU
		{2B68BB38-5219-481E-9BFF-C3B94E8290FC}.Release|Any CPU.ActiveCfg = Release|Any CPU
		{2B68BB38-5219-481E-9BFF-C3B94E8290FC}.Release|Any CPU.Build.0 = Release|Any CPU
	EndGlobalSection
	GlobalSection(SolutionProperties) = preSolution
		HideSolutionNode = FALSE
	EndGlobalSection
	GlobalSection(ExtensibilityGlobals) = postSolution
		SolutionGuid = {ACD033BC-8A1C-41F6-8E69-DF9637B42ADC}
	EndGlobalSection
EndGlobal
